// !$*UTF8*$!
{
	archiveVersion = 1;
	classes = {
	};
	objectVersion = 56;
	objects = {

/* Begin PBXBuildFile section */
		502E56982A437C9300DFD6ED /* SBappApp.swift in Sources */ = {isa = PBXBuildFile; fileRef = 502E56972A437C9300DFD6ED /* SBappApp.swift */; };
		502E569A2A437C9300DFD6ED /* ContentView.swift in Sources */ = {isa = PBXBuildFile; fileRef = 502E56992A437C9300DFD6ED /* ContentView.swift */; };
		502E569C2A437C9400DFD6ED /* Assets.xcassets in Resources */ = {isa = PBXBuildFile; fileRef = 502E569B2A437C9400DFD6ED /* Assets.xcassets */; };
		502E569F2A437C9400DFD6ED /* Preview Assets.xcassets in Resources */ = {isa = PBXBuildFile; fileRef = 502E569E2A437C9400DFD6ED /* Preview Assets.xcassets */; };
		502E56A82A4380B100DFD6ED /* CoursesData.swift in Sources */ = {isa = PBXBuildFile; fileRef = 502E56A72A4380B100DFD6ED /* CoursesData.swift */; };
		503F11112A61877F00A5842F /* FilterList.swift in Sources */ = {isa = PBXBuildFile; fileRef = 503F11102A61877F00A5842F /* FilterList.swift */; };
		503F11142A61A08700A5842F /* SwiftCSV in Frameworks */ = {isa = PBXBuildFile; productRef = 503F11132A61A08700A5842F /* SwiftCSV */; };
		506A8E2A2A50B76F00938555 /* LoginView.swift in Sources */ = {isa = PBXBuildFile; fileRef = 506A8E292A50B76F00938555 /* LoginView.swift */; };
		507D1E332A574368003CB6D4 /* FavoritesView.swift in Sources */ = {isa = PBXBuildFile; fileRef = 507D1E322A574368003CB6D4 /* FavoritesView.swift */; };
		509D7C7A2A4DCBA40029AE46 /* SearchBar.swift in Sources */ = {isa = PBXBuildFile; fileRef = 509D7C792A4DCBA40029AE46 /* SearchBar.swift */; };
		50AA94902A4EBB080089AB8B /* Title.swift in Sources */ = {isa = PBXBuildFile; fileRef = 50AA948F2A4EBB080089AB8B /* Title.swift */; };
		50DF13262A4F05CD00CBCC14 /* SearchBarButtons.swift in Sources */ = {isa = PBXBuildFile; fileRef = 50DF13252A4F05CD00CBCC14 /* SearchBarButtons.swift */; };
		50E1A5122A5D779C007E8C21 /* MainViewToolbar.swift in Sources */ = {isa = PBXBuildFile; fileRef = 50E1A5112A5D779C007E8C21 /* MainViewToolbar.swift */; };
		50F4380A2A459A2400499500 /* CourseView.swift in Sources */ = {isa = PBXBuildFile; fileRef = 50F438092A459A2400499500 /* CourseView.swift */; };
		50F4380C2A459AB600499500 /* WeekView.swift in Sources */ = {isa = PBXBuildFile; fileRef = 50F4380B2A459AB600499500 /* WeekView.swift */; };
		50F76D6F2A5DF57400CABE11 /* SearchBarMain.swift in Sources */ = {isa = PBXBuildFile; fileRef = 50F76D6E2A5DF57400CABE11 /* SearchBarMain.swift */; };
/* End PBXBuildFile section */

/* Begin PBXFileReference section */
		502E56942A437C9300DFD6ED /* Study Buddy.app */ = {isa = PBXFileReference; explicitFileType = wrapper.application; includeInIndex = 0; path = "Study Buddy.app"; sourceTree = BUILT_PRODUCTS_DIR; };
		502E56972A437C9300DFD6ED /* SBappApp.swift */ = {isa = PBXFileReference; lastKnownFileType = sourcecode.swift; path = SBappApp.swift; sourceTree = "<group>"; };
		502E56992A437C9300DFD6ED /* ContentView.swift */ = {isa = PBXFileReference; lastKnownFileType = sourcecode.swift; path = ContentView.swift; sourceTree = "<group>"; };
		502E569B2A437C9400DFD6ED /* Assets.xcassets */ = {isa = PBXFileReference; lastKnownFileType = folder.assetcatalog; path = Assets.xcassets; sourceTree = "<group>"; };
		502E569E2A437C9400DFD6ED /* Preview Assets.xcassets */ = {isa = PBXFileReference; lastKnownFileType = folder.assetcatalog; path = "Preview Assets.xcassets"; sourceTree = "<group>"; };
		502E56A72A4380B100DFD6ED /* CoursesData.swift */ = {isa = PBXFileReference; lastKnownFileType = sourcecode.swift; path = CoursesData.swift; sourceTree = "<group>"; };
		503F11102A61877F00A5842F /* FilterList.swift */ = {isa = PBXFileReference; lastKnownFileType = sourcecode.swift; path = FilterList.swift; sourceTree = "<group>"; };
		506A8E292A50B76F00938555 /* LoginView.swift */ = {isa = PBXFileReference; lastKnownFileType = sourcecode.swift; path = LoginView.swift; sourceTree = "<group>"; };
		507D1E322A574368003CB6D4 /* FavoritesView.swift */ = {isa = PBXFileReference; lastKnownFileType = sourcecode.swift; path = FavoritesView.swift; sourceTree = "<group>"; };
		509D7C792A4DCBA40029AE46 /* SearchBar.swift */ = {isa = PBXFileReference; lastKnownFileType = sourcecode.swift; path = SearchBar.swift; sourceTree = "<group>"; };
		50AA948F2A4EBB080089AB8B /* Title.swift */ = {isa = PBXFileReference; lastKnownFileType = sourcecode.swift; path = Title.swift; sourceTree = "<group>"; };
		50DF13252A4F05CD00CBCC14 /* SearchBarButtons.swift */ = {isa = PBXFileReference; lastKnownFileType = sourcecode.swift; path = SearchBarButtons.swift; sourceTree = "<group>"; };
		50E1A5112A5D779C007E8C21 /* MainViewToolbar.swift */ = {isa = PBXFileReference; lastKnownFileType = sourcecode.swift; path = MainViewToolbar.swift; sourceTree = "<group>"; };
		50F438092A459A2400499500 /* CourseView.swift */ = {isa = PBXFileReference; lastKnownFileType = sourcecode.swift; path = CourseView.swift; sourceTree = "<group>"; };
		50F4380B2A459AB600499500 /* WeekView.swift */ = {isa = PBXFileReference; lastKnownFileType = sourcecode.swift; path = WeekView.swift; sourceTree = "<group>"; };
		50F76D6E2A5DF57400CABE11 /* SearchBarMain.swift */ = {isa = PBXFileReference; lastKnownFileType = sourcecode.swift; path = SearchBarMain.swift; sourceTree = "<group>"; };
/* End PBXFileReference section */

/* Begin PBXFrameworksBuildPhase section */
		502E56912A437C9300DFD6ED /* Frameworks */ = {
			isa = PBXFrameworksBuildPhase;
			buildActionMask = 2147483647;
			files = (
				503F11142A61A08700A5842F /* SwiftCSV in Frameworks */,
			);
			runOnlyForDeploymentPostprocessing = 0;
		};
/* End PBXFrameworksBuildPhase section */

/* Begin PBXGroup section */
		502E568B2A437C9300DFD6ED = {
			isa = PBXGroup;
			children = (
				502E56962A437C9300DFD6ED /* SBapp */,
				502E56952A437C9300DFD6ED /* Products */,
			);
			sourceTree = "<group>";
		};
		502E56952A437C9300DFD6ED /* Products */ = {
			isa = PBXGroup;
			children = (
				502E56942A437C9300DFD6ED /* Study Buddy.app */,
			);
			name = Products;
			sourceTree = "<group>";
		};
		502E56962A437C9300DFD6ED /* SBapp */ = {
			isa = PBXGroup;
			children = (
				502E56972A437C9300DFD6ED /* SBappApp.swift */,
				50E1A5132A5D897A007E8C21 /* Main */,
				506E221B2A54A9D300BD407C /* SearchBar */,
				506E221C2A54A9FF00BD407C /* Course */,
				502E569B2A437C9400DFD6ED /* Assets.xcassets */,
				502E569D2A437C9400DFD6ED /* Preview Content */,
			);
			path = SBapp;
			sourceTree = "<group>";
		};
		502E569D2A437C9400DFD6ED /* Preview Content */ = {
			isa = PBXGroup;
			children = (
				502E569E2A437C9400DFD6ED /* Preview Assets.xcassets */,
			);
			path = "Preview Content";
			sourceTree = "<group>";
		};
		506E221B2A54A9D300BD407C /* SearchBar */ = {
			isa = PBXGroup;
			children = (
				509D7C792A4DCBA40029AE46 /* SearchBar.swift */,
				50DF13252A4F05CD00CBCC14 /* SearchBarButtons.swift */,
			);
			path = SearchBar;
			sourceTree = "<group>";
		};
		506E221C2A54A9FF00BD407C /* Course */ = {
			isa = PBXGroup;
			children = (
				50F438092A459A2400499500 /* CourseView.swift */,
				503F11102A61877F00A5842F /* FilterList.swift */,
				50F4380B2A459AB600499500 /* WeekView.swift */,
				502E56A72A4380B100DFD6ED /* CoursesData.swift */,
			);
			path = Course;
			sourceTree = "<group>";
		};
		50E1A5132A5D897A007E8C21 /* Main */ = {
			isa = PBXGroup;
			children = (
				502E56992A437C9300DFD6ED /* ContentView.swift */,
				507D1E322A574368003CB6D4 /* FavoritesView.swift */,
				506A8E292A50B76F00938555 /* LoginView.swift */,
				50E1A5112A5D779C007E8C21 /* MainViewToolbar.swift */,
				50F76D6E2A5DF57400CABE11 /* SearchBarMain.swift */,
				50AA948F2A4EBB080089AB8B /* Title.swift */,
			);
			path = Main;
			sourceTree = "<group>";
		};
/* End PBXGroup section */

/* Begin PBXNativeTarget section */
		502E56932A437C9300DFD6ED /* SBapp */ = {
			isa = PBXNativeTarget;
			buildConfigurationList = 502E56A22A437C9400DFD6ED /* Build configuration list for PBXNativeTarget "SBapp" */;
			buildPhases = (
				502E56902A437C9300DFD6ED /* Sources */,
				502E56912A437C9300DFD6ED /* Frameworks */,
				502E56922A437C9300DFD6ED /* Resources */,
			);
			buildRules = (
			);
			dependencies = (
			);
			name = SBapp;
			packageProductDependencies = (
				503F11132A61A08700A5842F /* SwiftCSV */,
			);
			productName = SBapp;
			productReference = 502E56942A437C9300DFD6ED /* Study Buddy.app */;
			productType = "com.apple.product-type.application";
		};
/* End PBXNativeTarget section */

/* Begin PBXProject section */
		502E568C2A437C9300DFD6ED /* Project object */ = {
			isa = PBXProject;
			attributes = {
				BuildIndependentTargetsInParallel = 1;
				LastSwiftUpdateCheck = 1430;
				LastUpgradeCheck = 1430;
				TargetAttributes = {
					502E56932A437C9300DFD6ED = {
						CreatedOnToolsVersion = 14.3.1;
					};
				};
			};
			buildConfigurationList = 502E568F2A437C9300DFD6ED /* Build configuration list for PBXProject "SBapp" */;
			compatibilityVersion = "Xcode 14.0";
			developmentRegion = en;
			hasScannedForEncodings = 0;
			knownRegions = (
				en,
				Base,
			);
			mainGroup = 502E568B2A437C9300DFD6ED;
			packageReferences = (
				503F11122A61A08700A5842F /* XCRemoteSwiftPackageReference "SwiftCSV" */,
			);
			productRefGroup = 502E56952A437C9300DFD6ED /* Products */;
			projectDirPath = "";
			projectRoot = "";
			targets = (
				502E56932A437C9300DFD6ED /* SBapp */,
			);
		};
/* End PBXProject section */

/* Begin PBXResourcesBuildPhase section */
		502E56922A437C9300DFD6ED /* Resources */ = {
			isa = PBXResourcesBuildPhase;
			buildActionMask = 2147483647;
			files = (
				502E569F2A437C9400DFD6ED /* Preview Assets.xcassets in Resources */,
				502E569C2A437C9400DFD6ED /* Assets.xcassets in Resources */,
			);
			runOnlyForDeploymentPostprocessing = 0;
		};
/* End PBXResourcesBuildPhase section */

/* Begin PBXSourcesBuildPhase section */
		502E56902A437C9300DFD6ED /* Sources */ = {
			isa = PBXSourcesBuildPhase;
			buildActionMask = 2147483647;
			files = (
				503F11112A61877F00A5842F /* FilterList.swift in Sources */,
				50AA94902A4EBB080089AB8B /* Title.swift in Sources */,
				502E569A2A437C9300DFD6ED /* ContentView.swift in Sources */,
				50F4380C2A459AB600499500 /* WeekView.swift in Sources */,
				502E56982A437C9300DFD6ED /* SBappApp.swift in Sources */,
				502E56A82A4380B100DFD6ED /* CoursesData.swift in Sources */,
				509D7C7A2A4DCBA40029AE46 /* SearchBar.swift in Sources */,
				50E1A5122A5D779C007E8C21 /* MainViewToolbar.swift in Sources */,
				507D1E332A574368003CB6D4 /* FavoritesView.swift in Sources */,
				50F4380A2A459A2400499500 /* CourseView.swift in Sources */,
				506A8E2A2A50B76F00938555 /* LoginView.swift in Sources */,
				50F76D6F2A5DF57400CABE11 /* SearchBarMain.swift in Sources */,
				50DF13262A4F05CD00CBCC14 /* SearchBarButtons.swift in Sources */,
			);
			runOnlyForDeploymentPostprocessing = 0;
		};
/* End PBXSourcesBuildPhase section */

/* Begin XCBuildConfiguration section */
		502E56A02A437C9400DFD6ED /* Debug */ = {
			isa = XCBuildConfiguration;
			buildSettings = {
				ALWAYS_SEARCH_USER_PATHS = NO;
				CLANG_ANALYZER_NONNULL = YES;
				CLANG_ANALYZER_NUMBER_OBJECT_CONVERSION = YES_AGGRESSIVE;
				CLANG_CXX_LANGUAGE_STANDARD = "gnu++20";
				CLANG_ENABLE_MODULES = YES;
				CLANG_ENABLE_OBJC_ARC = YES;
				CLANG_ENABLE_OBJC_WEAK = YES;
				CLANG_WARN_BLOCK_CAPTURE_AUTORELEASING = YES;
				CLANG_WARN_BOOL_CONVERSION = YES;
				CLANG_WARN_COMMA = YES;
				CLANG_WARN_CONSTANT_CONVERSION = YES;
				CLANG_WARN_DEPRECATED_OBJC_IMPLEMENTATIONS = YES;
				CLANG_WARN_DIRECT_OBJC_ISA_USAGE = YES_ERROR;
				CLANG_WARN_DOCUMENTATION_COMMENTS = YES;
				CLANG_WARN_EMPTY_BODY = YES;
				CLANG_WARN_ENUM_CONVERSION = YES;
				CLANG_WARN_INFINITE_RECURSION = YES;
				CLANG_WARN_INT_CONVERSION = YES;
				CLANG_WARN_NON_LITERAL_NULL_CONVERSION = YES;
				CLANG_WARN_OBJC_IMPLICIT_RETAIN_SELF = YES;
				CLANG_WARN_OBJC_LITERAL_CONVERSION = YES;
				CLANG_WARN_OBJC_ROOT_CLASS = YES_ERROR;
				CLANG_WARN_QUOTED_INCLUDE_IN_FRAMEWORK_HEADER = YES;
				CLANG_WARN_RANGE_LOOP_ANALYSIS = YES;
				CLANG_WARN_STRICT_PROTOTYPES = YES;
				CLANG_WARN_SUSPICIOUS_MOVE = YES;
				CLANG_WARN_UNGUARDED_AVAILABILITY = YES_AGGRESSIVE;
				CLANG_WARN_UNREACHABLE_CODE = YES;
				CLANG_WARN__DUPLICATE_METHOD_MATCH = YES;
				COPY_PHASE_STRIP = NO;
				DEBUG_INFORMATION_FORMAT = dwarf;
				ENABLE_STRICT_OBJC_MSGSEND = YES;
				ENABLE_TESTABILITY = YES;
				GCC_C_LANGUAGE_STANDARD = gnu11;
				GCC_DYNAMIC_NO_PIC = NO;
				GCC_NO_COMMON_BLOCKS = YES;
				GCC_OPTIMIZATION_LEVEL = 0;
				GCC_PREPROCESSOR_DEFINITIONS = (
					"DEBUG=1",
					"$(inherited)",
				);
				GCC_WARN_64_TO_32_BIT_CONVERSION = YES;
				GCC_WARN_ABOUT_RETURN_TYPE = YES_ERROR;
				GCC_WARN_UNDECLARED_SELECTOR = YES;
				GCC_WARN_UNINITIALIZED_AUTOS = YES_AGGRESSIVE;
				GCC_WARN_UNUSED_FUNCTION = YES;
				GCC_WARN_UNUSED_VARIABLE = YES;
				IPHONEOS_DEPLOYMENT_TARGET = 16.4;
				MTL_ENABLE_DEBUG_INFO = INCLUDE_SOURCE;
				MTL_FAST_MATH = YES;
				ONLY_ACTIVE_ARCH = YES;
				SDKROOT = iphoneos;
				SWIFT_ACTIVE_COMPILATION_CONDITIONS = DEBUG;
				SWIFT_OPTIMIZATION_LEVEL = "-Onone";
			};
			name = Debug;
		};
		502E56A12A437C9400DFD6ED /* Release */ = {
			isa = XCBuildConfiguration;
			buildSettings = {
				ALWAYS_SEARCH_USER_PATHS = NO;
				CLANG_ANALYZER_NONNULL = YES;
				CLANG_ANALYZER_NUMBER_OBJECT_CONVERSION = YES_AGGRESSIVE;
				CLANG_CXX_LANGUAGE_STANDARD = "gnu++20";
				CLANG_ENABLE_MODULES = YES;
				CLANG_ENABLE_OBJC_ARC = YES;
				CLANG_ENABLE_OBJC_WEAK = YES;
				CLANG_WARN_BLOCK_CAPTURE_AUTORELEASING = YES;
				CLANG_WARN_BOOL_CONVERSION = YES;
				CLANG_WARN_COMMA = YES;
				CLANG_WARN_CONSTANT_CONVERSION = YES;
				CLANG_WARN_DEPRECATED_OBJC_IMPLEMENTATIONS = YES;
				CLANG_WARN_DIRECT_OBJC_ISA_USAGE = YES_ERROR;
				CLANG_WARN_DOCUMENTATION_COMMENTS = YES;
				CLANG_WARN_EMPTY_BODY = YES;
				CLANG_WARN_ENUM_CONVERSION = YES;
				CLANG_WARN_INFINITE_RECURSION = YES;
				CLANG_WARN_INT_CONVERSION = YES;
				CLANG_WARN_NON_LITERAL_NULL_CONVERSION = YES;
				CLANG_WARN_OBJC_IMPLICIT_RETAIN_SELF = YES;
				CLANG_WARN_OBJC_LITERAL_CONVERSION = YES;
				CLANG_WARN_OBJC_ROOT_CLASS = YES_ERROR;
				CLANG_WARN_QUOTED_INCLUDE_IN_FRAMEWORK_HEADER = YES;
				CLANG_WARN_RANGE_LOOP_ANALYSIS = YES;
				CLANG_WARN_STRICT_PROTOTYPES = YES;
				CLANG_WARN_SUSPICIOUS_MOVE = YES;
				CLANG_WARN_UNGUARDED_AVAILABILITY = YES_AGGRESSIVE;
				CLANG_WARN_UNREACHABLE_CODE = YES;
				CLANG_WARN__DUPLICATE_METHOD_MATCH = YES;
				COPY_PHASE_STRIP = NO;
				DEBUG_INFORMATION_FORMAT = "dwarf-with-dsym";
				ENABLE_NS_ASSERTIONS = NO;
				ENABLE_STRICT_OBJC_MSGSEND = YES;
				GCC_C_LANGUAGE_STANDARD = gnu11;
				GCC_NO_COMMON_BLOCKS = YES;
				GCC_WARN_64_TO_32_BIT_CONVERSION = YES;
				GCC_WARN_ABOUT_RETURN_TYPE = YES_ERROR;
				GCC_WARN_UNDECLARED_SELECTOR = YES;
				GCC_WARN_UNINITIALIZED_AUTOS = YES_AGGRESSIVE;
				GCC_WARN_UNUSED_FUNCTION = YES;
				GCC_WARN_UNUSED_VARIABLE = YES;
				IPHONEOS_DEPLOYMENT_TARGET = 16.4;
				MTL_ENABLE_DEBUG_INFO = NO;
				MTL_FAST_MATH = YES;
				SDKROOT = iphoneos;
				SWIFT_COMPILATION_MODE = wholemodule;
				SWIFT_OPTIMIZATION_LEVEL = "-O";
				VALIDATE_PRODUCT = YES;
			};
			name = Release;
		};
		502E56A32A437C9400DFD6ED /* Debug */ = {
			isa = XCBuildConfiguration;
			buildSettings = {
				ASSETCATALOG_COMPILER_APPICON_NAME = AppIcon;
				ASSETCATALOG_COMPILER_GLOBAL_ACCENT_COLOR_NAME = AccentColor;
				CODE_SIGN_STYLE = Automatic;
				CURRENT_PROJECT_VERSION = 1;
				DEVELOPMENT_ASSET_PATHS = "\"SBapp/Preview Content\"";
				DEVELOPMENT_TEAM = T6QY6KC8D7;
				ENABLE_PREVIEWS = YES;
				GENERATE_INFOPLIST_FILE = YES;
				INFOPLIST_KEY_UIApplicationSceneManifest_Generation = YES;
				INFOPLIST_KEY_UIApplicationSupportsIndirectInputEvents = YES;
				INFOPLIST_KEY_UILaunchScreen_Generation = YES;
				INFOPLIST_KEY_UISupportedInterfaceOrientations = UIInterfaceOrientationPortrait;
				INFOPLIST_KEY_UISupportedInterfaceOrientations_iPad = "UIInterfaceOrientationLandscapeLeft UIInterfaceOrientationLandscapeRight UIInterfaceOrientationPortrait UIInterfaceOrientationPortraitUpsideDown";
				LD_RUNPATH_SEARCH_PATHS = (
					"$(inherited)",
					"@executable_path/Frameworks",
				);
				MARKETING_VERSION = 1.0;
				PRODUCT_BUNDLE_IDENTIFIER = com.maxsofar.SBapp;
				PRODUCT_NAME = "Study Buddy";
				SWIFT_EMIT_LOC_STRINGS = YES;
				SWIFT_VERSION = 5.0;
				TARGETED_DEVICE_FAMILY = "1,2";
			};
			name = Debug;
		};
		502E56A42A437C9400DFD6ED /* Release */ = {
			isa = XCBuildConfiguration;
			buildSettings = {
				ASSETCATALOG_COMPILER_APPICON_NAME = AppIcon;
				ASSETCATALOG_COMPILER_GLOBAL_ACCENT_COLOR_NAME = AccentColor;
				CODE_SIGN_STYLE = Automatic;
				CURRENT_PROJECT_VERSION = 1;
				DEVELOPMENT_ASSET_PATHS = "\"SBapp/Preview Content\"";
				DEVELOPMENT_TEAM = T6QY6KC8D7;
				ENABLE_PREVIEWS = YES;
				GENERATE_INFOPLIST_FILE = YES;
				INFOPLIST_KEY_UIApplicationSceneManifest_Generation = YES;
				INFOPLIST_KEY_UIApplicationSupportsIndirectInputEvents = YES;
				INFOPLIST_KEY_UILaunchScreen_Generation = YES;
				INFOPLIST_KEY_UISupportedInterfaceOrientations = UIInterfaceOrientationPortrait;
				INFOPLIST_KEY_UISupportedInterfaceOrientations_iPad = "UIInterfaceOrientationLandscapeLeft UIInterfaceOrientationLandscapeRight UIInterfaceOrientationPortrait UIInterfaceOrientationPortraitUpsideDown";
				LD_RUNPATH_SEARCH_PATHS = (
					"$(inherited)",
					"@executable_path/Frameworks",
				);
				MARKETING_VERSION = 1.0;
				PRODUCT_BUNDLE_IDENTIFIER = com.maxsofar.SBapp;
				PRODUCT_NAME = "Study Buddy";
				SWIFT_EMIT_LOC_STRINGS = YES;
				SWIFT_VERSION = 5.0;
				TARGETED_DEVICE_FAMILY = "1,2";
			};
			name = Release;
		};
/* End XCBuildConfiguration section */

/* Begin XCConfigurationList section */
		502E568F2A437C9300DFD6ED /* Build configuration list for PBXProject "SBapp" */ = {
			isa = XCConfigurationList;
			buildConfigurations = (
				502E56A02A437C9400DFD6ED /* Debug */,
				502E56A12A437C9400DFD6ED /* Release */,
			);
			defaultConfigurationIsVisible = 0;
			defaultConfigurationName = Release;
		};
		502E56A22A437C9400DFD6ED /* Build configuration list for PBXNativeTarget "SBapp" */ = {
			isa = XCConfigurationList;
			buildConfigurations = (
				502E56A32A437C9400DFD6ED /* Debug */,
				502E56A42A437C9400DFD6ED /* Release */,
			);
			defaultConfigurationIsVisible = 0;
			defaultConfigurationName = Release;
		};
/* End XCConfigurationList section */

/* Begin XCRemoteSwiftPackageReference section */
		503F11122A61A08700A5842F /* XCRemoteSwiftPackageReference "SwiftCSV" */ = {
			isa = XCRemoteSwiftPackageReference;
			repositoryURL = "https://github.com/swiftcsv/SwiftCSV.git";
			requirement = {
				kind = upToNextMajorVersion;
				minimumVersion = 0.8.1;
			};
		};
/* End XCRemoteSwiftPackageReference section */

/* Begin XCSwiftPackageProductDependency section */
		503F11132A61A08700A5842F /* SwiftCSV */ = {
			isa = XCSwiftPackageProductDependency;
			package = 503F11122A61A08700A5842F /* XCRemoteSwiftPackageReference "SwiftCSV" */;
			productName = SwiftCSV;
		};
/* End XCSwiftPackageProductDependency section */
	};
	rootObject = 502E568C2A437C9300DFD6ED /* Project object */;
}
