// !$*UTF8*$!
{
	archiveVersion = 1;
	classes = {
	};
	objectVersion = 56;
	objects = {

/* Begin PBXBuildFile section */
		502E56982A437C9300DFD6ED /* SBApp.swift in Sources */ = {isa = PBXBuildFile; fileRef = 502E56972A437C9300DFD6ED /* SBApp.swift */; };
		502E569A2A437C9300DFD6ED /* StudyBuddy.swift in Sources */ = {isa = PBXBuildFile; fileRef = 502E56992A437C9300DFD6ED /* StudyBuddy.swift */; };
		502E569C2A437C9400DFD6ED /* Assets.xcassets in Resources */ = {isa = PBXBuildFile; fileRef = 502E569B2A437C9400DFD6ED /* Assets.xcassets */; };
		502E569F2A437C9400DFD6ED /* Preview Assets.xcassets in Resources */ = {isa = PBXBuildFile; fileRef = 502E569E2A437C9400DFD6ED /* Preview Assets.xcassets */; };
		502E56A82A4380B100DFD6ED /* CoursesData.swift in Sources */ = {isa = PBXBuildFile; fileRef = 502E56A72A4380B100DFD6ED /* CoursesData.swift */; };
		50395DED2A69BAE000B5915B /* test.swift in Sources */ = {isa = PBXBuildFile; fileRef = 50395DEC2A69BAE000B5915B /* test.swift */; };
		503F11112A61877F00A5842F /* FilterList.swift in Sources */ = {isa = PBXBuildFile; fileRef = 503F11102A61877F00A5842F /* FilterList.swift */; };
		503F11142A61A08700A5842F /* SwiftCSV in Frameworks */ = {isa = PBXBuildFile; productRef = 503F11132A61A08700A5842F /* SwiftCSV */; };
		504C268E2A687EA400F59DB2 /* CourseView.swift in Sources */ = {isa = PBXBuildFile; fileRef = 504C268D2A687EA400F59DB2 /* CourseView.swift */; };
		504F0AA42A655AAC0091D4CC /* ExamsView.swift in Sources */ = {isa = PBXBuildFile; fileRef = 504F0AA32A655AAC0091D4CC /* ExamsView.swift */; };
		504F0AA62A655CB20091D4CC /* ExamDetailView.swift in Sources */ = {isa = PBXBuildFile; fileRef = 504F0AA52A655CB20091D4CC /* ExamDetailView.swift */; };
		505FC1DF2A7BD62900C09692 /* Launch Screen.storyboard in Resources */ = {isa = PBXBuildFile; fileRef = 505FC1DE2A7BD62900C09692 /* Launch Screen.storyboard */; };
		506A8E2A2A50B76F00938555 /* LoginView.swift in Sources */ = {isa = PBXBuildFile; fileRef = 506A8E292A50B76F00938555 /* LoginView.swift */; };
		507D1E332A574368003CB6D4 /* Favorites.swift in Sources */ = {isa = PBXBuildFile; fileRef = 507D1E322A574368003CB6D4 /* Favorites.swift */; };
		5086ABC42A74456E00A5113A /* AppDelegate.swift in Sources */ = {isa = PBXBuildFile; fileRef = 5086ABC32A74456E00A5113A /* AppDelegate.swift */; };
		5086ABC62A74512900A5113A /* Action.swift in Sources */ = {isa = PBXBuildFile; fileRef = 5086ABC52A74512900A5113A /* Action.swift */; };
		5095DC762A76F7A70014D685 /* WeekDisclosureGroup.swift in Sources */ = {isa = PBXBuildFile; fileRef = 5095DC752A76F7A70014D685 /* WeekDisclosureGroup.swift */; };
		509D7C7A2A4DCBA40029AE46 /* SearchBar.swift in Sources */ = {isa = PBXBuildFile; fileRef = 509D7C792A4DCBA40029AE46 /* SearchBar.swift */; };
		50A042F52A62946A00F9E50A /* Localizable.strings in Resources */ = {isa = PBXBuildFile; fileRef = 50A042F72A62946A00F9E50A /* Localizable.strings */; };
		50A817302A71A5DD004335C9 /* CustomTabBar.swift in Sources */ = {isa = PBXBuildFile; fileRef = 50A8172F2A71A5DD004335C9 /* CustomTabBar.swift */; };
		50A817322A71B4E3004335C9 /* ToolbarButtons.swift in Sources */ = {isa = PBXBuildFile; fileRef = 50A817312A71B4E3004335C9 /* ToolbarButtons.swift */; };
		50AA94902A4EBB080089AB8B /* Title.swift in Sources */ = {isa = PBXBuildFile; fileRef = 50AA948F2A4EBB080089AB8B /* Title.swift */; };
		50D496412A6717D700977A82 /* SwiftSoup in Frameworks */ = {isa = PBXBuildFile; productRef = 50D496402A6717D700977A82 /* SwiftSoup */; };
		50DF13262A4F05CD00CBCC14 /* SearchBarButtons.swift in Sources */ = {isa = PBXBuildFile; fileRef = 50DF13252A4F05CD00CBCC14 /* SearchBarButtons.swift */; };
		50E1A5122A5D779C007E8C21 /* MainViewToolbar.swift in Sources */ = {isa = PBXBuildFile; fileRef = 50E1A5112A5D779C007E8C21 /* MainViewToolbar.swift */; };
		50F338C22A7929E200359895 /* Mali-Regular.ttf in Resources */ = {isa = PBXBuildFile; fileRef = 50F338C12A7929E200359895 /* Mali-Regular.ttf */; };
		50F4380A2A459A2400499500 /* LessonsView.swift in Sources */ = {isa = PBXBuildFile; fileRef = 50F438092A459A2400499500 /* LessonsView.swift */; };
		50F4380C2A459AB600499500 /* WeekView.swift in Sources */ = {isa = PBXBuildFile; fileRef = 50F4380B2A459AB600499500 /* WeekView.swift */; };
		50F76D6F2A5DF57400CABE11 /* SearchBarArea.swift in Sources */ = {isa = PBXBuildFile; fileRef = 50F76D6E2A5DF57400CABE11 /* SearchBarArea.swift */; };
/* End PBXBuildFile section */

/* Begin PBXFileReference section */
		501EA6AC2A74009B00F46230 /* Info.plist */ = {isa = PBXFileReference; lastKnownFileType = text.plist; path = Info.plist; sourceTree = "<group>"; };
		502E56942A437C9300DFD6ED /* Study Buddy.app */ = {isa = PBXFileReference; explicitFileType = wrapper.application; includeInIndex = 0; path = "Study Buddy.app"; sourceTree = BUILT_PRODUCTS_DIR; };
		502E56972A437C9300DFD6ED /* SBApp.swift */ = {isa = PBXFileReference; lastKnownFileType = sourcecode.swift; path = SBApp.swift; sourceTree = "<group>"; };
		502E56992A437C9300DFD6ED /* StudyBuddy.swift */ = {isa = PBXFileReference; lastKnownFileType = sourcecode.swift; path = StudyBuddy.swift; sourceTree = "<group>"; };
		502E569B2A437C9400DFD6ED /* Assets.xcassets */ = {isa = PBXFileReference; lastKnownFileType = folder.assetcatalog; path = Assets.xcassets; sourceTree = "<group>"; };
		502E569E2A437C9400DFD6ED /* Preview Assets.xcassets */ = {isa = PBXFileReference; lastKnownFileType = folder.assetcatalog; path = "Preview Assets.xcassets"; sourceTree = "<group>"; };
		502E56A72A4380B100DFD6ED /* CoursesData.swift */ = {isa = PBXFileReference; lastKnownFileType = sourcecode.swift; path = CoursesData.swift; sourceTree = "<group>"; };
		50395DEC2A69BAE000B5915B /* test.swift */ = {isa = PBXFileReference; lastKnownFileType = sourcecode.swift; path = test.swift; sourceTree = "<group>"; };
		503F11102A61877F00A5842F /* FilterList.swift */ = {isa = PBXFileReference; lastKnownFileType = sourcecode.swift; path = FilterList.swift; sourceTree = "<group>"; };
		504C268D2A687EA400F59DB2 /* CourseView.swift */ = {isa = PBXFileReference; lastKnownFileType = sourcecode.swift; path = CourseView.swift; sourceTree = "<group>"; };
		504F0AA32A655AAC0091D4CC /* ExamsView.swift */ = {isa = PBXFileReference; lastKnownFileType = sourcecode.swift; path = ExamsView.swift; sourceTree = "<group>"; };
		504F0AA52A655CB20091D4CC /* ExamDetailView.swift */ = {isa = PBXFileReference; lastKnownFileType = sourcecode.swift; path = ExamDetailView.swift; sourceTree = "<group>"; };
		505FC1DE2A7BD62900C09692 /* Launch Screen.storyboard */ = {isa = PBXFileReference; lastKnownFileType = file.storyboard; path = "Launch Screen.storyboard"; sourceTree = "<group>"; };
		506A8E292A50B76F00938555 /* LoginView.swift */ = {isa = PBXFileReference; lastKnownFileType = sourcecode.swift; path = LoginView.swift; sourceTree = "<group>"; };
		507D1E322A574368003CB6D4 /* Favorites.swift */ = {isa = PBXFileReference; lastKnownFileType = sourcecode.swift; path = Favorites.swift; sourceTree = "<group>"; };
		5086ABC32A74456E00A5113A /* AppDelegate.swift */ = {isa = PBXFileReference; lastKnownFileType = sourcecode.swift; path = AppDelegate.swift; sourceTree = "<group>"; };
		5086ABC52A74512900A5113A /* Action.swift */ = {isa = PBXFileReference; lastKnownFileType = sourcecode.swift; path = Action.swift; sourceTree = "<group>"; };
		5095DC752A76F7A70014D685 /* WeekDisclosureGroup.swift */ = {isa = PBXFileReference; lastKnownFileType = sourcecode.swift; path = WeekDisclosureGroup.swift; sourceTree = "<group>"; };
		509D7C792A4DCBA40029AE46 /* SearchBar.swift */ = {isa = PBXFileReference; lastKnownFileType = sourcecode.swift; path = SearchBar.swift; sourceTree = "<group>"; };
		50A042F62A62946A00F9E50A /* en */ = {isa = PBXFileReference; lastKnownFileType = text.plist.strings; name = en; path = en.lproj/Localizable.strings; sourceTree = "<group>"; };
		50A042F82A62959500F9E50A /* he */ = {isa = PBXFileReference; lastKnownFileType = text.plist.strings; name = he; path = he.lproj/Localizable.strings; sourceTree = "<group>"; };
		50A8172F2A71A5DD004335C9 /* CustomTabBar.swift */ = {isa = PBXFileReference; lastKnownFileType = sourcecode.swift; path = CustomTabBar.swift; sourceTree = "<group>"; };
		50A817312A71B4E3004335C9 /* ToolbarButtons.swift */ = {isa = PBXFileReference; lastKnownFileType = sourcecode.swift; path = ToolbarButtons.swift; sourceTree = "<group>"; };
		50AA948F2A4EBB080089AB8B /* Title.swift */ = {isa = PBXFileReference; lastKnownFileType = sourcecode.swift; path = Title.swift; sourceTree = "<group>"; };
		50DF13252A4F05CD00CBCC14 /* SearchBarButtons.swift */ = {isa = PBXFileReference; lastKnownFileType = sourcecode.swift; path = SearchBarButtons.swift; sourceTree = "<group>"; };
		50E1A5112A5D779C007E8C21 /* MainViewToolbar.swift */ = {isa = PBXFileReference; lastKnownFileType = sourcecode.swift; path = MainViewToolbar.swift; sourceTree = "<group>"; };
		50F338C12A7929E200359895 /* Mali-Regular.ttf */ = {isa = PBXFileReference; lastKnownFileType = file; path = "Mali-Regular.ttf"; sourceTree = "<group>"; };
		50F438092A459A2400499500 /* LessonsView.swift */ = {isa = PBXFileReference; lastKnownFileType = sourcecode.swift; path = LessonsView.swift; sourceTree = "<group>"; };
		50F4380B2A459AB600499500 /* WeekView.swift */ = {isa = PBXFileReference; lastKnownFileType = sourcecode.swift; path = WeekView.swift; sourceTree = "<group>"; };
		50F76D6E2A5DF57400CABE11 /* SearchBarArea.swift */ = {isa = PBXFileReference; lastKnownFileType = sourcecode.swift; path = SearchBarArea.swift; sourceTree = "<group>"; };
/* End PBXFileReference section */

/* Begin PBXFrameworksBuildPhase section */
		502E56912A437C9300DFD6ED /* Frameworks */ = {
			isa = PBXFrameworksBuildPhase;
			buildActionMask = 2147483647;
			files = (
				503F11142A61A08700A5842F /* SwiftCSV in Frameworks */,
				50D496412A6717D700977A82 /* SwiftSoup in Frameworks */,
			);
			runOnlyForDeploymentPostprocessing = 0;
		};
/* End PBXFrameworksBuildPhase section */

/* Begin PBXGroup section */
		502E568B2A437C9300DFD6ED = {
			isa = PBXGroup;
			children = (
				50395DEC2A69BAE000B5915B /* test.swift */,
				50A042F72A62946A00F9E50A /* Localizable.strings */,
				502E56962A437C9300DFD6ED /* SBapp */,
				502E56952A437C9300DFD6ED /* Products */,
			);
			sourceTree = "<group>";
		};
		502E56952A437C9300DFD6ED /* Products */ = {
			isa = PBXGroup;
			children = (
				502E56942A437C9300DFD6ED /* Study Buddy.app */,
			);
			name = Products;
			sourceTree = "<group>";
		};
		502E56962A437C9300DFD6ED /* SBapp */ = {
			isa = PBXGroup;
			children = (
				50F338C12A7929E200359895 /* Mali-Regular.ttf */,
				501EA6AC2A74009B00F46230 /* Info.plist */,
				505FC1DE2A7BD62900C09692 /* Launch Screen.storyboard */,
				502E56972A437C9300DFD6ED /* SBApp.swift */,
				5086ABC52A74512900A5113A /* Action.swift */,
				5086ABC32A74456E00A5113A /* AppDelegate.swift */,
				50E1A5132A5D897A007E8C21 /* Main */,
				506E221B2A54A9D300BD407C /* SearchBar */,
				506E221C2A54A9FF00BD407C /* Course */,
				502E569B2A437C9400DFD6ED /* Assets.xcassets */,
				502E569D2A437C9400DFD6ED /* Preview Content */,
			);
			path = SBapp;
			sourceTree = "<group>";
		};
		502E569D2A437C9400DFD6ED /* Preview Content */ = {
			isa = PBXGroup;
			children = (
				502E569E2A437C9400DFD6ED /* Preview Assets.xcassets */,
			);
			path = "Preview Content";
			sourceTree = "<group>";
		};
		506E221B2A54A9D300BD407C /* SearchBar */ = {
			isa = PBXGroup;
			children = (
				509D7C792A4DCBA40029AE46 /* SearchBar.swift */,
				50DF13252A4F05CD00CBCC14 /* SearchBarButtons.swift */,
			);
			path = SearchBar;
			sourceTree = "<group>";
		};
		506E221C2A54A9FF00BD407C /* Course */ = {
			isa = PBXGroup;
			children = (
				502E56A72A4380B100DFD6ED /* CoursesData.swift */,
				504C268D2A687EA400F59DB2 /* CourseView.swift */,
				50A817312A71B4E3004335C9 /* ToolbarButtons.swift */,
				50A8172F2A71A5DD004335C9 /* CustomTabBar.swift */,
				503F11102A61877F00A5842F /* FilterList.swift */,
				50E6ED972A7069D80071A58E /* Lesson */,
				50E6ED982A7069F40071A58E /* Exams */,
			);
			path = Course;
			sourceTree = "<group>";
		};
		50E1A5132A5D897A007E8C21 /* Main */ = {
			isa = PBXGroup;
			children = (
				502E56992A437C9300DFD6ED /* StudyBuddy.swift */,
				50AA948F2A4EBB080089AB8B /* Title.swift */,
				50F76D6E2A5DF57400CABE11 /* SearchBarArea.swift */,
				50E6ED962A705B190071A58E /* MainViewToolbar */,
			);
			path = Main;
			sourceTree = "<group>";
		};
		50E6ED962A705B190071A58E /* MainViewToolbar */ = {
			isa = PBXGroup;
			children = (
				507D1E322A574368003CB6D4 /* Favorites.swift */,
				506A8E292A50B76F00938555 /* LoginView.swift */,
				50E1A5112A5D779C007E8C21 /* MainViewToolbar.swift */,
			);
			path = MainViewToolbar;
			sourceTree = "<group>";
		};
		50E6ED972A7069D80071A58E /* Lesson */ = {
			isa = PBXGroup;
			children = (
				50F438092A459A2400499500 /* LessonsView.swift */,
				50F4380B2A459AB600499500 /* WeekView.swift */,
				5095DC752A76F7A70014D685 /* WeekDisclosureGroup.swift */,
			);
			path = Lesson;
			sourceTree = "<group>";
		};
		50E6ED982A7069F40071A58E /* Exams */ = {
			isa = PBXGroup;
			children = (
				504F0AA32A655AAC0091D4CC /* ExamsView.swift */,
				504F0AA52A655CB20091D4CC /* ExamDetailView.swift */,
			);
			path = Exams;
			sourceTree = "<group>";
		};
/* End PBXGroup section */

/* Begin PBXNativeTarget section */
		502E56932A437C9300DFD6ED /* SBapp */ = {
			isa = PBXNativeTarget;
			buildConfigurationList = 502E56A22A437C9400DFD6ED /* Build configuration list for PBXNativeTarget "SBapp" */;
			buildPhases = (
				502E56902A437C9300DFD6ED /* Sources */,
				502E56912A437C9300DFD6ED /* Frameworks */,
				502E56922A437C9300DFD6ED /* Resources */,
			);
			buildRules = (
			);
			dependencies = (
			);
			name = SBapp;
			packageProductDependencies = (
				503F11132A61A08700A5842F /* SwiftCSV */,
				50D496402A6717D700977A82 /* SwiftSoup */,
			);
			productName = SBapp;
			productReference = 502E56942A437C9300DFD6ED /* Study Buddy.app */;
			productType = "com.apple.product-type.application";
		};
/* End PBXNativeTarget section */

/* Begin PBXProject section */
		502E568C2A437C9300DFD6ED /* Project object */ = {
			isa = PBXProject;
			attributes = {
				BuildIndependentTargetsInParallel = 1;
				LastSwiftUpdateCheck = 1430;
				LastUpgradeCheck = 1430;
				TargetAttributes = {
					502E56932A437C9300DFD6ED = {
						CreatedOnToolsVersion = 14.3.1;
					};
				};
			};
			buildConfigurationList = 502E568F2A437C9300DFD6ED /* Build configuration list for PBXProject "SBapp" */;
			compatibilityVersion = "Xcode 14.0";
			developmentRegion = en;
			hasScannedForEncodings = 0;
			knownRegions = (
				he,
				en,
				Base,
			);
			mainGroup = 502E568B2A437C9300DFD6ED;
			packageReferences = (
				503F11122A61A08700A5842F /* XCRemoteSwiftPackageReference "SwiftCSV" */,
				50D4963F2A6717D700977A82 /* XCRemoteSwiftPackageReference "SwiftSoup" */,
			);
			productRefGroup = 502E56952A437C9300DFD6ED /* Products */;
			projectDirPath = "";
			projectRoot = "";
			targets = (
				502E56932A437C9300DFD6ED /* SBapp */,
			);
		};
/* End PBXProject section */

/* Begin PBXResourcesBuildPhase section */
		502E56922A437C9300DFD6ED /* Resources */ = {
			isa = PBXResourcesBuildPhase;
			buildActionMask = 2147483647;
			files = (
				502E569F2A437C9400DFD6ED /* Preview Assets.xcassets in Resources */,
				50A042F52A62946A00F9E50A /* Localizable.strings in Resources */,
				50F338C22A7929E200359895 /* Mali-Regular.ttf in Resources */,
				505FC1DF2A7BD62900C09692 /* Launch Screen.storyboard in Resources */,
				502E569C2A437C9400DFD6ED /* Assets.xcassets in Resources */,
			);
			runOnlyForDeploymentPostprocessing = 0;
		};
/* End PBXResourcesBuildPhase section */

/* Begin PBXSourcesBuildPhase section */
		502E56902A437C9300DFD6ED /* Sources */ = {
			isa = PBXSourcesBuildPhase;
			buildActionMask = 2147483647;
			files = (
				5095DC762A76F7A70014D685 /* WeekDisclosureGroup.swift in Sources */,
				503F11112A61877F00A5842F /* FilterList.swift in Sources */,
				5086ABC62A74512900A5113A /* Action.swift in Sources */,
				50AA94902A4EBB080089AB8B /* Title.swift in Sources */,
				50A817322A71B4E3004335C9 /* ToolbarButtons.swift in Sources */,
				504F0AA42A655AAC0091D4CC /* ExamsView.swift in Sources */,
				502E569A2A437C9300DFD6ED /* StudyBuddy.swift in Sources */,
				50A817302A71A5DD004335C9 /* CustomTabBar.swift in Sources */,
				50F4380C2A459AB600499500 /* WeekView.swift in Sources */,
				502E56982A437C9300DFD6ED /* SBApp.swift in Sources */,
				50395DED2A69BAE000B5915B /* test.swift in Sources */,
				502E56A82A4380B100DFD6ED /* CoursesData.swift in Sources */,
				509D7C7A2A4DCBA40029AE46 /* SearchBar.swift in Sources */,
				50E1A5122A5D779C007E8C21 /* MainViewToolbar.swift in Sources */,
				507D1E332A574368003CB6D4 /* Favorites.swift in Sources */,
				50F4380A2A459A2400499500 /* LessonsView.swift in Sources */,
				506A8E2A2A50B76F00938555 /* LoginView.swift in Sources */,
				504C268E2A687EA400F59DB2 /* CourseView.swift in Sources */,
				50F76D6F2A5DF57400CABE11 /* SearchBarArea.swift in Sources */,
				5086ABC42A74456E00A5113A /* AppDelegate.swift in Sources */,
				504F0AA62A655CB20091D4CC /* ExamDetailView.swift in Sources */,
				50DF13262A4F05CD00CBCC14 /* SearchBarButtons.swift in Sources */,
			);
			runOnlyForDeploymentPostprocessing = 0;
		};
/* End PBXSourcesBuildPhase section */

/* Begin PBXVariantGroup section */
		50A042F72A62946A00F9E50A /* Localizable.strings */ = {
			isa = PBXVariantGroup;
			children = (
				50A042F62A62946A00F9E50A /* en */,
				50A042F82A62959500F9E50A /* he */,
			);
			name = Localizable.strings;
			sourceTree = "<group>";
		};
/* End PBXVariantGroup section */

/* Begin XCBuildConfiguration section */
		502E56A02A437C9400DFD6ED /* Debug */ = {
			isa = XCBuildConfiguration;
			buildSettings = {
				ALWAYS_SEARCH_USER_PATHS = NO;
				CLANG_ANALYZER_LOCALIZABILITY_NONLOCALIZED = YES;
				CLANG_ANALYZER_NONNULL = YES;
				CLANG_ANALYZER_NUMBER_OBJECT_CONVERSION = YES_AGGRESSIVE;
				CLANG_CXX_LANGUAGE_STANDARD = "gnu++20";
				CLANG_ENABLE_MODULES = YES;
				CLANG_ENABLE_OBJC_ARC = YES;
				CLANG_ENABLE_OBJC_WEAK = YES;
				CLANG_WARN_BLOCK_CAPTURE_AUTORELEASING = YES;
				CLANG_WARN_BOOL_CONVERSION = YES;
				CLANG_WARN_COMMA = YES;
				CLANG_WARN_CONSTANT_CONVERSION = YES;
				CLANG_WARN_DEPRECATED_OBJC_IMPLEMENTATIONS = YES;
				CLANG_WARN_DIRECT_OBJC_ISA_USAGE = YES_ERROR;
				CLANG_WARN_DOCUMENTATION_COMMENTS = YES;
				CLANG_WARN_EMPTY_BODY = YES;
				CLANG_WARN_ENUM_CONVERSION = YES;
				CLANG_WARN_INFINITE_RECURSION = YES;
				CLANG_WARN_INT_CONVERSION = YES;
				CLANG_WARN_NON_LITERAL_NULL_CONVERSION = YES;
				CLANG_WARN_OBJC_IMPLICIT_RETAIN_SELF = YES;
				CLANG_WARN_OBJC_LITERAL_CONVERSION = YES;
				CLANG_WARN_OBJC_ROOT_CLASS = YES_ERROR;
				CLANG_WARN_QUOTED_INCLUDE_IN_FRAMEWORK_HEADER = YES;
				CLANG_WARN_RANGE_LOOP_ANALYSIS = YES;
				CLANG_WARN_STRICT_PROTOTYPES = YES;
				CLANG_WARN_SUSPICIOUS_MOVE = YES;
				CLANG_WARN_UNGUARDED_AVAILABILITY = YES_AGGRESSIVE;
				CLANG_WARN_UNREACHABLE_CODE = YES;
				CLANG_WARN__DUPLICATE_METHOD_MATCH = YES;
				COPY_PHASE_STRIP = NO;
				DEBUG_INFORMATION_FORMAT = dwarf;
				ENABLE_STRICT_OBJC_MSGSEND = YES;
				ENABLE_TESTABILITY = YES;
				GCC_C_LANGUAGE_STANDARD = gnu11;
				GCC_DYNAMIC_NO_PIC = NO;
				GCC_NO_COMMON_BLOCKS = YES;
				GCC_OPTIMIZATION_LEVEL = 0;
				GCC_PREPROCESSOR_DEFINITIONS = (
					"DEBUG=1",
					"$(inherited)",
				);
				GCC_WARN_64_TO_32_BIT_CONVERSION = YES;
				GCC_WARN_ABOUT_RETURN_TYPE = YES_ERROR;
				GCC_WARN_UNDECLARED_SELECTOR = YES;
				GCC_WARN_UNINITIALIZED_AUTOS = YES_AGGRESSIVE;
				GCC_WARN_UNUSED_FUNCTION = YES;
				GCC_WARN_UNUSED_VARIABLE = YES;
				IPHONEOS_DEPLOYMENT_TARGET = 16.4;
				MTL_ENABLE_DEBUG_INFO = INCLUDE_SOURCE;
				MTL_FAST_MATH = YES;
				ONLY_ACTIVE_ARCH = YES;
				SDKROOT = iphoneos;
				SWIFT_ACTIVE_COMPILATION_CONDITIONS = DEBUG;
				SWIFT_OPTIMIZATION_LEVEL = "-Onone";
			};
			name = Debug;
		};
		502E56A12A437C9400DFD6ED /* Release */ = {
			isa = XCBuildConfiguration;
			buildSettings = {
				ALWAYS_SEARCH_USER_PATHS = NO;
				CLANG_ANALYZER_LOCALIZABILITY_NONLOCALIZED = YES;
				CLANG_ANALYZER_NONNULL = YES;
				CLANG_ANALYZER_NUMBER_OBJECT_CONVERSION = YES_AGGRESSIVE;
				CLANG_CXX_LANGUAGE_STANDARD = "gnu++20";
				CLANG_ENABLE_MODULES = YES;
				CLANG_ENABLE_OBJC_ARC = YES;
				CLANG_ENABLE_OBJC_WEAK = YES;
				CLANG_WARN_BLOCK_CAPTURE_AUTORELEASING = YES;
				CLANG_WARN_BOOL_CONVERSION = YES;
				CLANG_WARN_COMMA = YES;
				CLANG_WARN_CONSTANT_CONVERSION = YES;
				CLANG_WARN_DEPRECATED_OBJC_IMPLEMENTATIONS = YES;
				CLANG_WARN_DIRECT_OBJC_ISA_USAGE = YES_ERROR;
				CLANG_WARN_DOCUMENTATION_COMMENTS = YES;
				CLANG_WARN_EMPTY_BODY = YES;
				CLANG_WARN_ENUM_CONVERSION = YES;
				CLANG_WARN_INFINITE_RECURSION = YES;
				CLANG_WARN_INT_CONVERSION = YES;
				CLANG_WARN_NON_LITERAL_NULL_CONVERSION = YES;
				CLANG_WARN_OBJC_IMPLICIT_RETAIN_SELF = YES;
				CLANG_WARN_OBJC_LITERAL_CONVERSION = YES;
				CLANG_WARN_OBJC_ROOT_CLASS = YES_ERROR;
				CLANG_WARN_QUOTED_INCLUDE_IN_FRAMEWORK_HEADER = YES;
				CLANG_WARN_RANGE_LOOP_ANALYSIS = YES;
				CLANG_WARN_STRICT_PROTOTYPES = YES;
				CLANG_WARN_SUSPICIOUS_MOVE = YES;
				CLANG_WARN_UNGUARDED_AVAILABILITY = YES_AGGRESSIVE;
				CLANG_WARN_UNREACHABLE_CODE = YES;
				CLANG_WARN__DUPLICATE_METHOD_MATCH = YES;
				COPY_PHASE_STRIP = NO;
				DEBUG_INFORMATION_FORMAT = "dwarf-with-dsym";
				ENABLE_NS_ASSERTIONS = NO;
				ENABLE_STRICT_OBJC_MSGSEND = YES;
				GCC_C_LANGUAGE_STANDARD = gnu11;
				GCC_NO_COMMON_BLOCKS = YES;
				GCC_WARN_64_TO_32_BIT_CONVERSION = YES;
				GCC_WARN_ABOUT_RETURN_TYPE = YES_ERROR;
				GCC_WARN_UNDECLARED_SELECTOR = YES;
				GCC_WARN_UNINITIALIZED_AUTOS = YES_AGGRESSIVE;
				GCC_WARN_UNUSED_FUNCTION = YES;
				GCC_WARN_UNUSED_VARIABLE = YES;
				IPHONEOS_DEPLOYMENT_TARGET = 16.4;
				MTL_ENABLE_DEBUG_INFO = NO;
				MTL_FAST_MATH = YES;
				SDKROOT = iphoneos;
				SWIFT_COMPILATION_MODE = wholemodule;
				SWIFT_OPTIMIZATION_LEVEL = "-O";
				VALIDATE_PRODUCT = YES;
			};
			name = Release;
		};
		502E56A32A437C9400DFD6ED /* Debug */ = {
			isa = XCBuildConfiguration;
			buildSettings = {
				ASSETCATALOG_COMPILER_APPICON_NAME = AppIcon;
				ASSETCATALOG_COMPILER_GLOBAL_ACCENT_COLOR_NAME = AccentColor;
				CODE_SIGN_STYLE = Automatic;
				CURRENT_PROJECT_VERSION = 1;
				DEVELOPMENT_ASSET_PATHS = "\"SBapp/Preview Content\"";
				DEVELOPMENT_TEAM = T6QY6KC8D7;
				ENABLE_PREVIEWS = YES;
				GENERATE_INFOPLIST_FILE = YES;
				INFOPLIST_FILE = SBapp/Info.plist;
				INFOPLIST_KEY_LSApplicationCategoryType = "public.app-category.education";
				INFOPLIST_KEY_UIApplicationSceneManifest_Generation = YES;
				INFOPLIST_KEY_UIApplicationSupportsIndirectInputEvents = YES;
				INFOPLIST_KEY_UILaunchStoryboardName = "Launch Screen.storyboard";
				INFOPLIST_KEY_UISupportedInterfaceOrientations = UIInterfaceOrientationPortrait;
				INFOPLIST_KEY_UISupportedInterfaceOrientations_iPad = "UIInterfaceOrientationLandscapeLeft UIInterfaceOrientationLandscapeRight UIInterfaceOrientationPortrait UIInterfaceOrientationPortraitUpsideDown";
				LD_RUNPATH_SEARCH_PATHS = (
					"$(inherited)",
					"@executable_path/Frameworks",
				);
				MARKETING_VERSION = 1.0;
				PRODUCT_BUNDLE_IDENTIFIER = com.maxsofar.SBapp;
				PRODUCT_NAME = "Study Buddy";
				SWIFT_EMIT_LOC_STRINGS = YES;
				SWIFT_VERSION = 5.0;
				TARGETED_DEVICE_FAMILY = "1,2";
			};
			name = Debug;
		};
		502E56A42A437C9400DFD6ED /* Release */ = {
			isa = XCBuildConfiguration;
			buildSettings = {
				ASSETCATALOG_COMPILER_APPICON_NAME = AppIcon;
				ASSETCATALOG_COMPILER_GLOBAL_ACCENT_COLOR_NAME = AccentColor;
				CODE_SIGN_STYLE = Automatic;
				CURRENT_PROJECT_VERSION = 1;
				DEVELOPMENT_ASSET_PATHS = "\"SBapp/Preview Content\"";
				DEVELOPMENT_TEAM = T6QY6KC8D7;
				ENABLE_PREVIEWS = YES;
				GENERATE_INFOPLIST_FILE = YES;
				INFOPLIST_FILE = SBapp/Info.plist;
				INFOPLIST_KEY_LSApplicationCategoryType = "public.app-category.education";
				INFOPLIST_KEY_UIApplicationSceneManifest_Generation = YES;
				INFOPLIST_KEY_UIApplicationSupportsIndirectInputEvents = YES;
				INFOPLIST_KEY_UILaunchStoryboardName = "Launch Screen.storyboard";
				INFOPLIST_KEY_UISupportedInterfaceOrientations = UIInterfaceOrientationPortrait;
				INFOPLIST_KEY_UISupportedInterfaceOrientations_iPad = "UIInterfaceOrientationLandscapeLeft UIInterfaceOrientationLandscapeRight UIInterfaceOrientationPortrait UIInterfaceOrientationPortraitUpsideDown";
				LD_RUNPATH_SEARCH_PATHS = (
					"$(inherited)",
					"@executable_path/Frameworks",
				);
				MARKETING_VERSION = 1.0;
				PRODUCT_BUNDLE_IDENTIFIER = com.maxsofar.SBapp;
				PRODUCT_NAME = "Study Buddy";
				SWIFT_EMIT_LOC_STRINGS = YES;
				SWIFT_VERSION = 5.0;
				TARGETED_DEVICE_FAMILY = "1,2";
			};
			name = Release;
		};
/* End XCBuildConfiguration section */

/* Begin XCConfigurationList section */
		502E568F2A437C9300DFD6ED /* Build configuration list for PBXProject "SBapp" */ = {
			isa = XCConfigurationList;
			buildConfigurations = (
				502E56A02A437C9400DFD6ED /* Debug */,
				502E56A12A437C9400DFD6ED /* Release */,
			);
			defaultConfigurationIsVisible = 0;
			defaultConfigurationName = Release;
		};
		502E56A22A437C9400DFD6ED /* Build configuration list for PBXNativeTarget "SBapp" */ = {
			isa = XCConfigurationList;
			buildConfigurations = (
				502E56A32A437C9400DFD6ED /* Debug */,
				502E56A42A437C9400DFD6ED /* Release */,
			);
			defaultConfigurationIsVisible = 0;
			defaultConfigurationName = Release;
		};
/* End XCConfigurationList section */

/* Begin XCRemoteSwiftPackageReference section */
		503F11122A61A08700A5842F /* XCRemoteSwiftPackageReference "SwiftCSV" */ = {
			isa = XCRemoteSwiftPackageReference;
			repositoryURL = "https://github.com/swiftcsv/SwiftCSV.git";
			requirement = {
				kind = upToNextMajorVersion;
				minimumVersion = 0.8.1;
			};
		};
		50D4963F2A6717D700977A82 /* XCRemoteSwiftPackageReference "SwiftSoup" */ = {
			isa = XCRemoteSwiftPackageReference;
			repositoryURL = "https://github.com/scinfu/SwiftSoup.git";
			requirement = {
				kind = upToNextMajorVersion;
				minimumVersion = 2.0.0;
			};
		};
/* End XCRemoteSwiftPackageReference section */

/* Begin XCSwiftPackageProductDependency section */
		503F11132A61A08700A5842F /* SwiftCSV */ = {
			isa = XCSwiftPackageProductDependency;
			package = 503F11122A61A08700A5842F /* XCRemoteSwiftPackageReference "SwiftCSV" */;
			productName = SwiftCSV;
		};
		50D496402A6717D700977A82 /* SwiftSoup */ = {
			isa = XCSwiftPackageProductDependency;
			package = 50D4963F2A6717D700977A82 /* XCRemoteSwiftPackageReference "SwiftSoup" */;
			productName = SwiftSoup;
		};
/* End XCSwiftPackageProductDependency section */
	};
	rootObject = 502E568C2A437C9300DFD6ED /* Project object */;
}
